
Microsoft Visual Studio Solution File, Format Version 12.00
# Visual Studio Version 16
VisualStudioVersion = 16.0.30907.101
MinimumVisualStudioVersion = 10.0.40219.1
Project("{FAE04EC0-301F-11D3-BF4B-00C04F79EFBC}") = "DbConsoleApp", "DbConsoleApp\DbConsoleApp.csproj", "{D1A6C9DB-8729-4AFC-A35D-78695096E4C5}"
EndProject
Project("{FAE04EC0-301F-11D3-BF4B-00C04F79EFBC}") = "ExampleDataGridView", "..\..\repos\ExampleDataGridView\ExampleDataGridView\ExampleDataGridView.csproj", "{C2EAAE05-7759-4283-B040-F268DA960FCF}"
EndProject
Global
	GlobalSection(SolutionConfigurationPlatforms) = preSolution
		Debug|Any CPU = Debug|Any CPU
		Release|Any CPU = Release|Any CPU
	EndGlobalSection
	GlobalSection(ProjectConfigurationPlatforms) = postSolution
		{D1A6C9DB-8729-4AFC-A35D-78695096E4C5}.Debug|Any CPU.ActiveCfg = Debug|Any CPU
		{D1A6C9DB-8729-4AFC-A35D-78695096E4C5}.Debug|Any CPU.Build.0 = Debug|Any CPU
		{D1A6C9DB-8729-4AFC-A35D-78695096E4C5}.Release|Any CPU.ActiveCfg = Release|Any CPU
		{D1A6C9DB-8729-4AFC-A35D-78695096E4C5}.Release|Any CPU.Build.0 = Release|Any CPU
		{C2EAAE05-7759-4283-B040-F268DA960FCF}.Debug|Any CPU.ActiveCfg = Debug|Any CPU
		{C2EAAE05-7759-4283-B040-F268DA960FCF}.Debug|Any CPU.Build.0 = Debug|Any CPU
		{C2EAAE05-7759-4283-B040-F268DA960FCF}.Release|Any CPU.ActiveCfg = Release|Any CPU
		{C2EAAE05-7759-4283-B040-F268DA960FCF}.Release|Any CPU.Build.0 = Release|Any CPU
	EndGlobalSection
	GlobalSection(SolutionProperties) = preSolution
		HideSolutionNode = FALSE
	EndGlobalSection
	GlobalSection(ExtensibilityGlobals) = postSolution
		SolutionGuid = {074750C6-9600-482A-BCC6-B519C14AAF5E}
	EndGlobalSection
EndGlobal
